
Microsoft Visual Studio Solution File, Format Version 12.00
# Visual Studio 15
VisualStudioVersion = 15.0.27004.2010
MinimumVisualStudioVersion = 10.0.40219.1
Project("{FAE04EC0-301F-11D3-BF4B-00C04F79EFBC}") = "Simple Image Filter", "Simple Image Filter\Simple Image Filter.csproj", "{7ED1E509-97A9-4032-8BCE-6706C0087826}"
EndProject
Global
	GlobalSection(SolutionConfigurationPlatforms) = preSolution
		Debug|Any CPU = Debug|Any CPU
		Release|Any CPU = Release|Any CPU
	EndGlobalSection
	GlobalSection(ProjectConfigurationPlatforms) = postSolution
		{7ED1E509-97A9-4032-8BCE-6706C0087826}.Debug|Any CPU.ActiveCfg = Debug|Any CPU
		{7ED1E509-97A9-4032-8BCE-6706C0087826}.Debug|Any CPU.Build.0 = Debug|Any CPU
		{7ED1E509-97A9-4032-8BCE-6706C0087826}.Release|Any CPU.ActiveCfg = Release|Any CPU
		{7ED1E509-97A9-4032-8BCE-6706C0087826}.Release|Any CPU.Build.0 = Release|Any CPU
	EndGlobalSection
	GlobalSection(SolutionProperties) = preSolution
		HideSolutionNode = FALSE
	EndGlobalSection
	GlobalSection(ExtensibilityGlobals) = postSolution
		SolutionGuid = {1FF75986-58D0-49FD-9EA6-3FE2B57E1190}
	EndGlobalSection
EndGlobal
